
Microsoft Visual Studio Solution File, Format Version 12.00
# Visual Studio Version 17
VisualStudioVersion = 17.0.31903.59
MinimumVisualStudioVersion = 10.0.40219.1
Project("{FAE04EC0-301F-11D3-BF4B-00C04F79EFBC}") = "CQRS.Api", "CQRS.Api\CQRS.Api.csproj", "{FDD0CFA6-C624-49B1-95B9-B551D4AB22B2}"
EndProject
Project("{FAE04EC0-301F-11D3-BF4B-00C04F79EFBC}") = "CQRS.Domain", "CQRS.Domain\CQRS.Domain.csproj", "{D92AFBCE-A149-4558-B5D4-5308D2838894}"
EndProject
Project("{FAE04EC0-301F-11D3-BF4B-00C04F79EFBC}") = "CQRS.Infrastructure", "CQRS.Infrastructure\CQRS.Infrastructure.csproj", "{2E747B50-4E3C-4469-942B-0F38CD80E6A2}"
EndProject
Project("{FAE04EC0-301F-11D3-BF4B-00C04F79EFBC}") = "CQRS.Application", "CQRS.Application\CQRS.Application.csproj", "{B77A18D6-EAA6-481C-B693-6D30D6605AE2}"
EndProject
Project("{FAE04EC0-301F-11D3-BF4B-00C04F79EFBC}") = "CQRS.ReadModel", "CQRS.ReadModel\CQRS.ReadModel.csproj", "{184FC369-7AA5-4B2E-B76E-4250884E036C}"
EndProject
Global
	GlobalSection(SolutionConfigurationPlatforms) = preSolution
		Debug|Any CPU = Debug|Any CPU
		Release|Any CPU = Release|Any CPU
	EndGlobalSection
	GlobalSection(SolutionProperties) = preSolution
		HideSolutionNode = FALSE
	EndGlobalSection
	GlobalSection(ProjectConfigurationPlatforms) = postSolution
		{FDD0CFA6-C624-49B1-95B9-B551D4AB22B2}.Debug|Any CPU.ActiveCfg = Debug|Any CPU
		{FDD0CFA6-C624-49B1-95B9-B551D4AB22B2}.Debug|Any CPU.Build.0 = Debug|Any CPU
		{FDD0CFA6-C624-49B1-95B9-B551D4AB22B2}.Release|Any CPU.ActiveCfg = Release|Any CPU
		{FDD0CFA6-C624-49B1-95B9-B551D4AB22B2}.Release|Any CPU.Build.0 = Release|Any CPU
		{D92AFBCE-A149-4558-B5D4-5308D2838894}.Debug|Any CPU.ActiveCfg = Debug|Any CPU
		{D92AFBCE-A149-4558-B5D4-5308D2838894}.Debug|Any CPU.Build.0 = Debug|Any CPU
		{D92AFBCE-A149-4558-B5D4-5308D2838894}.Release|Any CPU.ActiveCfg = Release|Any CPU
		{D92AFBCE-A149-4558-B5D4-5308D2838894}.Release|Any CPU.Build.0 = Release|Any CPU
		{2E747B50-4E3C-4469-942B-0F38CD80E6A2}.Debug|Any CPU.ActiveCfg = Debug|Any CPU
		{2E747B50-4E3C-4469-942B-0F38CD80E6A2}.Debug|Any CPU.Build.0 = Debug|Any CPU
		{2E747B50-4E3C-4469-942B-0F38CD80E6A2}.Release|Any CPU.ActiveCfg = Release|Any CPU
		{2E747B50-4E3C-4469-942B-0F38CD80E6A2}.Release|Any CPU.Build.0 = Release|Any CPU
		{B77A18D6-EAA6-481C-B693-6D30D6605AE2}.Debug|Any CPU.ActiveCfg = Debug|Any CPU
		{B77A18D6-EAA6-481C-B693-6D30D6605AE2}.Debug|Any CPU.Build.0 = Debug|Any CPU
		{B77A18D6-EAA6-481C-B693-6D30D6605AE2}.Release|Any CPU.ActiveCfg = Release|Any CPU
		{B77A18D6-EAA6-481C-B693-6D30D6605AE2}.Release|Any CPU.Build.0 = Release|Any CPU
		{184FC369-7AA5-4B2E-B76E-4250884E036C}.Debug|Any CPU.ActiveCfg = Debug|Any CPU
		{184FC369-7AA5-4B2E-B76E-4250884E036C}.Debug|Any CPU.Build.0 = Debug|Any CPU
		{184FC369-7AA5-4B2E-B76E-4250884E036C}.Release|Any CPU.ActiveCfg = Release|Any CPU
		{184FC369-7AA5-4B2E-B76E-4250884E036C}.Release|Any CPU.Build.0 = Release|Any CPU
	EndGlobalSection
EndGlobal
